// !$*UTF8*$!
{
	archiveVersion = 1;
	classes = {
	};
	objectVersion = 48;
	objects = {

/* Begin PBXBuildFile section */
		2A59884B1F8585E1008138F2 /* mosaic_style.mlmodel in Sources */ = {isa = PBXBuildFile; fileRef = 2A59884A1F858549008138F2 /* mosaic_style.mlmodel */; };
		2A59884D1F858CE4008138F2 /* UIImage+scaling.swift in Sources */ = {isa = PBXBuildFile; fileRef = 2A59884C1F858CE4008138F2 /* UIImage+scaling.swift */; };
		2A9DB9211F8701070055ADD2 /* StyleTransfer.swift in Sources */ = {isa = PBXBuildFile; fileRef = 2A9DB9201F8701070055ADD2 /* StyleTransfer.swift */; };
		2AB20B461F870CEA001EA50B /* Util.swift in Sources */ = {isa = PBXBuildFile; fileRef = 2AB20B451F870CEA001EA50B /* Util.swift */; };
		2AB93AE61F8D5B5B00BD56C2 /* VRViewController.swift in Sources */ = {isa = PBXBuildFile; fileRef = 2AB93AE51F8D5B5B00BD56C2 /* VRViewController.swift */; };
		2AD54C441FA242C80072743F /* wave_style.mlmodel in Sources */ = {isa = PBXBuildFile; fileRef = 2AD54C431FA242C80072743F /* wave_style.mlmodel */; };
		3C159EC555EB0CBEF4B9D6E0 /* Pods_ImStyleTests.framework in Frameworks */ = {isa = PBXBuildFile; fileRef = 780106972327E079933890FD /* Pods_ImStyleTests.framework */; };
		4E9BA9CB2832639222AEC3D0 /* Pods_ImStyleUITests.framework in Frameworks */ = {isa = PBXBuildFile; fileRef = 0775C4AC526DC725E1840281 /* Pods_ImStyleUITests.framework */; };
		5F69E923202A29300085FE47 /* udnie_style+Fritz.swift in Sources */ = {isa = PBXBuildFile; fileRef = 5F69E922202A29300085FE47 /* udnie_style+Fritz.swift */; };
		5F69E925202A29410085FE47 /* wave_style+Fritz.swift in Sources */ = {isa = PBXBuildFile; fileRef = 5F69E924202A29410085FE47 /* wave_style+Fritz.swift */; };
		5F69E927202A29520085FE47 /* mosaic_style+Fritz.swift in Sources */ = {isa = PBXBuildFile; fileRef = 5F69E926202A29520085FE47 /* mosaic_style+Fritz.swift */; };
		8C538E0ACB25DCEB656FBA6C /* Pods_ImStyle.framework in Frameworks */ = {isa = PBXBuildFile; fileRef = C4BB9DA1FCB15DFD39185C7B /* Pods_ImStyle.framework */; };
		F83C391F1F87276700D21F2E /* udnie_style.mlmodel in Sources */ = {isa = PBXBuildFile; fileRef = F83C391E1F87276700D21F2E /* udnie_style.mlmodel */; };
		F86F1AB21F9FF7C6009FA646 /* VideoFormatHandler.swift in Sources */ = {isa = PBXBuildFile; fileRef = F86F1AB11F9FF7C6009FA646 /* VideoFormatHandler.swift */; };
		F89189051F86EC270054136C /* MainViewController.swift in Sources */ = {isa = PBXBuildFile; fileRef = F89189041F86EC270054136C /* MainViewController.swift */; };
		F8A401471F8435E8006EB964 /* AppDelegate.swift in Sources */ = {isa = PBXBuildFile; fileRef = F8A401461F8435E8006EB964 /* AppDelegate.swift */; };
		F8A4014C1F8435E8006EB964 /* Main.storyboard in Resources */ = {isa = PBXBuildFile; fileRef = F8A4014A1F8435E8006EB964 /* Main.storyboard */; };
		F8A4014E1F8435E8006EB964 /* Assets.xcassets in Resources */ = {isa = PBXBuildFile; fileRef = F8A4014D1F8435E8006EB964 /* Assets.xcassets */; };
		F8A401511F8435E8006EB964 /* LaunchScreen.storyboard in Resources */ = {isa = PBXBuildFile; fileRef = F8A4014F1F8435E8006EB964 /* LaunchScreen.storyboard */; };
		F8A4015C1F8435E8006EB964 /* ImStyleTests.swift in Sources */ = {isa = PBXBuildFile; fileRef = F8A4015B1F8435E8006EB964 /* ImStyleTests.swift */; };
		F8A401671F8435E8006EB964 /* ImStyleUITests.swift in Sources */ = {isa = PBXBuildFile; fileRef = F8A401661F8435E8006EB964 /* ImStyleUITests.swift */; };
/* End PBXBuildFile section */

/* Begin PBXContainerItemProxy section */
		F8A401581F8435E8006EB964 /* PBXContainerItemProxy */ = {
			isa = PBXContainerItemProxy;
			containerPortal = F8A4013B1F8435E8006EB964 /* Project object */;
			proxyType = 1;
			remoteGlobalIDString = F8A401421F8435E8006EB964;
			remoteInfo = ImStyle;
		};
		F8A401631F8435E8006EB964 /* PBXContainerItemProxy */ = {
			isa = PBXContainerItemProxy;
			containerPortal = F8A4013B1F8435E8006EB964 /* Project object */;
			proxyType = 1;
			remoteGlobalIDString = F8A401421F8435E8006EB964;
			remoteInfo = ImStyle;
		};
/* End PBXContainerItemProxy section */

/* Begin PBXFileReference section */
		0775C4AC526DC725E1840281 /* Pods_ImStyleUITests.framework */ = {isa = PBXFileReference; explicitFileType = wrapper.framework; includeInIndex = 0; path = Pods_ImStyleUITests.framework; sourceTree = BUILT_PRODUCTS_DIR; };
		120E9BD3F531F82F03AB6488 /* Pods-ImStyleTests.debug.xcconfig */ = {isa = PBXFileReference; includeInIndex = 1; lastKnownFileType = text.xcconfig; name = "Pods-ImStyleTests.debug.xcconfig"; path = "Pods/Target Support Files/Pods-ImStyleTests/Pods-ImStyleTests.debug.xcconfig"; sourceTree = "<group>"; };
		224AF476247DF3ABB4DDB5FC /* Pods-ImStyleUITests.debug.xcconfig */ = {isa = PBXFileReference; includeInIndex = 1; lastKnownFileType = text.xcconfig; name = "Pods-ImStyleUITests.debug.xcconfig"; path = "Pods/Target Support Files/Pods-ImStyleUITests/Pods-ImStyleUITests.debug.xcconfig"; sourceTree = "<group>"; };
		2524644C489A57BE5B022D05 /* Pods-ImStyleTests.release.xcconfig */ = {isa = PBXFileReference; includeInIndex = 1; lastKnownFileType = text.xcconfig; name = "Pods-ImStyleTests.release.xcconfig"; path = "Pods/Target Support Files/Pods-ImStyleTests/Pods-ImStyleTests.release.xcconfig"; sourceTree = "<group>"; };
		2A59884A1F858549008138F2 /* mosaic_style.mlmodel */ = {isa = PBXFileReference; lastKnownFileType = file.mlmodel; path = mosaic_style.mlmodel; sourceTree = "<group>"; };
		2A59884C1F858CE4008138F2 /* UIImage+scaling.swift */ = {isa = PBXFileReference; lastKnownFileType = sourcecode.swift; path = "UIImage+scaling.swift"; sourceTree = "<group>"; };
		2A9DB9201F8701070055ADD2 /* StyleTransfer.swift */ = {isa = PBXFileReference; lastKnownFileType = sourcecode.swift; path = StyleTransfer.swift; sourceTree = "<group>"; };
		2AB20B451F870CEA001EA50B /* Util.swift */ = {isa = PBXFileReference; lastKnownFileType = sourcecode.swift; path = Util.swift; sourceTree = "<group>"; };
		2AB93AE51F8D5B5B00BD56C2 /* VRViewController.swift */ = {isa = PBXFileReference; lastKnownFileType = sourcecode.swift; path = VRViewController.swift; sourceTree = "<group>"; };
		2AD54C431FA242C80072743F /* wave_style.mlmodel */ = {isa = PBXFileReference; lastKnownFileType = file.mlmodel; path = wave_style.mlmodel; sourceTree = "<group>"; };
		3EBB3B9548C19452B9918E7E /* Pods-ImStyleUITests.release.xcconfig */ = {isa = PBXFileReference; includeInIndex = 1; lastKnownFileType = text.xcconfig; name = "Pods-ImStyleUITests.release.xcconfig"; path = "Pods/Target Support Files/Pods-ImStyleUITests/Pods-ImStyleUITests.release.xcconfig"; sourceTree = "<group>"; };
		579CDB472C125B1CB957F65E /* Pods-ImStyle.debug.xcconfig */ = {isa = PBXFileReference; includeInIndex = 1; lastKnownFileType = text.xcconfig; name = "Pods-ImStyle.debug.xcconfig"; path = "Pods/Target Support Files/Pods-ImStyle/Pods-ImStyle.debug.xcconfig"; sourceTree = "<group>"; };
		5F69E922202A29300085FE47 /* udnie_style+Fritz.swift */ = {isa = PBXFileReference; lastKnownFileType = sourcecode.swift; path = "udnie_style+Fritz.swift"; sourceTree = "<group>"; };
		5F69E924202A29410085FE47 /* wave_style+Fritz.swift */ = {isa = PBXFileReference; lastKnownFileType = sourcecode.swift; path = "wave_style+Fritz.swift"; sourceTree = "<group>"; };
		5F69E926202A29520085FE47 /* mosaic_style+Fritz.swift */ = {isa = PBXFileReference; lastKnownFileType = sourcecode.swift; path = "mosaic_style+Fritz.swift"; sourceTree = "<group>"; };
		780106972327E079933890FD /* Pods_ImStyleTests.framework */ = {isa = PBXFileReference; explicitFileType = wrapper.framework; includeInIndex = 0; path = Pods_ImStyleTests.framework; sourceTree = BUILT_PRODUCTS_DIR; };
		C4BB9DA1FCB15DFD39185C7B /* Pods_ImStyle.framework */ = {isa = PBXFileReference; explicitFileType = wrapper.framework; includeInIndex = 0; path = Pods_ImStyle.framework; sourceTree = BUILT_PRODUCTS_DIR; };
		E649CE71116E4E1B40208871 /* Pods-ImStyle.release.xcconfig */ = {isa = PBXFileReference; includeInIndex = 1; lastKnownFileType = text.xcconfig; name = "Pods-ImStyle.release.xcconfig"; path = "Pods/Target Support Files/Pods-ImStyle/Pods-ImStyle.release.xcconfig"; sourceTree = "<group>"; };
		F83C391E1F87276700D21F2E /* udnie_style.mlmodel */ = {isa = PBXFileReference; lastKnownFileType = file.mlmodel; path = udnie_style.mlmodel; sourceTree = "<group>"; };
		F86F1AB11F9FF7C6009FA646 /* VideoFormatHandler.swift */ = {isa = PBXFileReference; lastKnownFileType = sourcecode.swift; path = VideoFormatHandler.swift; sourceTree = "<group>"; };
		F89189041F86EC270054136C /* MainViewController.swift */ = {isa = PBXFileReference; lastKnownFileType = sourcecode.swift; path = MainViewController.swift; sourceTree = "<group>"; };
		F8A401431F8435E8006EB964 /* ImStyle.app */ = {isa = PBXFileReference; explicitFileType = wrapper.application; includeInIndex = 0; path = ImStyle.app; sourceTree = BUILT_PRODUCTS_DIR; };
		F8A401461F8435E8006EB964 /* AppDelegate.swift */ = {isa = PBXFileReference; lastKnownFileType = sourcecode.swift; path = AppDelegate.swift; sourceTree = "<group>"; };
		F8A4014B1F8435E8006EB964 /* Base */ = {isa = PBXFileReference; lastKnownFileType = file.storyboard; name = Base; path = Base.lproj/Main.storyboard; sourceTree = "<group>"; };
		F8A4014D1F8435E8006EB964 /* Assets.xcassets */ = {isa = PBXFileReference; lastKnownFileType = folder.assetcatalog; path = Assets.xcassets; sourceTree = "<group>"; };
		F8A401501F8435E8006EB964 /* Base */ = {isa = PBXFileReference; lastKnownFileType = file.storyboard; name = Base; path = Base.lproj/LaunchScreen.storyboard; sourceTree = "<group>"; };
		F8A401521F8435E8006EB964 /* Info.plist */ = {isa = PBXFileReference; lastKnownFileType = text.plist.xml; path = Info.plist; sourceTree = "<group>"; };
		F8A401571F8435E8006EB964 /* ImStyleTests.xctest */ = {isa = PBXFileReference; explicitFileType = wrapper.cfbundle; includeInIndex = 0; path = ImStyleTests.xctest; sourceTree = BUILT_PRODUCTS_DIR; };
		F8A4015B1F8435E8006EB964 /* ImStyleTests.swift */ = {isa = PBXFileReference; lastKnownFileType = sourcecode.swift; path = ImStyleTests.swift; sourceTree = "<group>"; };
		F8A4015D1F8435E8006EB964 /* Info.plist */ = {isa = PBXFileReference; lastKnownFileType = text.plist.xml; path = Info.plist; sourceTree = "<group>"; };
		F8A401621F8435E8006EB964 /* ImStyleUITests.xctest */ = {isa = PBXFileReference; explicitFileType = wrapper.cfbundle; includeInIndex = 0; path = ImStyleUITests.xctest; sourceTree = BUILT_PRODUCTS_DIR; };
		F8A401661F8435E8006EB964 /* ImStyleUITests.swift */ = {isa = PBXFileReference; lastKnownFileType = sourcecode.swift; path = ImStyleUITests.swift; sourceTree = "<group>"; };
		F8A401681F8435E8006EB964 /* Info.plist */ = {isa = PBXFileReference; lastKnownFileType = text.plist.xml; path = Info.plist; sourceTree = "<group>"; };
/* End PBXFileReference section */

/* Begin PBXFrameworksBuildPhase section */
		F8A401401F8435E8006EB964 /* Frameworks */ = {
			isa = PBXFrameworksBuildPhase;
			buildActionMask = 2147483647;
			files = (
				8C538E0ACB25DCEB656FBA6C /* Pods_ImStyle.framework in Frameworks */,
			);
			runOnlyForDeploymentPostprocessing = 0;
		};
		F8A401541F8435E8006EB964 /* Frameworks */ = {
			isa = PBXFrameworksBuildPhase;
			buildActionMask = 2147483647;
			files = (
				3C159EC555EB0CBEF4B9D6E0 /* Pods_ImStyleTests.framework in Frameworks */,
			);
			runOnlyForDeploymentPostprocessing = 0;
		};
		F8A4015F1F8435E8006EB964 /* Frameworks */ = {
			isa = PBXFrameworksBuildPhase;
			buildActionMask = 2147483647;
			files = (
				4E9BA9CB2832639222AEC3D0 /* Pods_ImStyleUITests.framework in Frameworks */,
			);
			runOnlyForDeploymentPostprocessing = 0;
		};
/* End PBXFrameworksBuildPhase section */

/* Begin PBXGroup section */
		030F50B4488FFD0371035BA1 /* Frameworks */ = {
			isa = PBXGroup;
			children = (
				C4BB9DA1FCB15DFD39185C7B /* Pods_ImStyle.framework */,
				780106972327E079933890FD /* Pods_ImStyleTests.framework */,
				0775C4AC526DC725E1840281 /* Pods_ImStyleUITests.framework */,
			);
			name = Frameworks;
			sourceTree = "<group>";
		};
		5F69E921202A29190085FE47 /* CoreML */ = {
			isa = PBXGroup;
			children = (
				5F69E922202A29300085FE47 /* udnie_style+Fritz.swift */,
				5F69E924202A29410085FE47 /* wave_style+Fritz.swift */,
				5F69E926202A29520085FE47 /* mosaic_style+Fritz.swift */,
			);
			path = CoreML;
			sourceTree = "<group>";
		};
		E6B2C4C4A0E3B83A87F87B8E /* Pods */ = {
			isa = PBXGroup;
			children = (
				579CDB472C125B1CB957F65E /* Pods-ImStyle.debug.xcconfig */,
				E649CE71116E4E1B40208871 /* Pods-ImStyle.release.xcconfig */,
				120E9BD3F531F82F03AB6488 /* Pods-ImStyleTests.debug.xcconfig */,
				2524644C489A57BE5B022D05 /* Pods-ImStyleTests.release.xcconfig */,
				224AF476247DF3ABB4DDB5FC /* Pods-ImStyleUITests.debug.xcconfig */,
				3EBB3B9548C19452B9918E7E /* Pods-ImStyleUITests.release.xcconfig */,
			);
			name = Pods;
			sourceTree = "<group>";
		};
		F8A4013A1F8435E8006EB964 = {
			isa = PBXGroup;
			children = (
				F83C391E1F87276700D21F2E /* udnie_style.mlmodel */,
				2AD54C431FA242C80072743F /* wave_style.mlmodel */,
				2A59884A1F858549008138F2 /* mosaic_style.mlmodel */,
				F8A401451F8435E8006EB964 /* ImStyle */,
				F8A4015A1F8435E8006EB964 /* ImStyleTests */,
				F8A401651F8435E8006EB964 /* ImStyleUITests */,
				F8A401441F8435E8006EB964 /* Products */,
				E6B2C4C4A0E3B83A87F87B8E /* Pods */,
				030F50B4488FFD0371035BA1 /* Frameworks */,
			);
			sourceTree = "<group>";
		};
		F8A401441F8435E8006EB964 /* Products */ = {
			isa = PBXGroup;
			children = (
				F8A401431F8435E8006EB964 /* ImStyle.app */,
				F8A401571F8435E8006EB964 /* ImStyleTests.xctest */,
				F8A401621F8435E8006EB964 /* ImStyleUITests.xctest */,
			);
			name = Products;
			sourceTree = "<group>";
		};
		F8A401451F8435E8006EB964 /* ImStyle */ = {
			isa = PBXGroup;
			children = (
				5F69E921202A29190085FE47 /* CoreML */,
				F8A401461F8435E8006EB964 /* AppDelegate.swift */,
				F89189041F86EC270054136C /* MainViewController.swift */,
				2AB20B451F870CEA001EA50B /* Util.swift */,
				F8A4014A1F8435E8006EB964 /* Main.storyboard */,
				F8A4014D1F8435E8006EB964 /* Assets.xcassets */,
				F8A4014F1F8435E8006EB964 /* LaunchScreen.storyboard */,
				F8A401521F8435E8006EB964 /* Info.plist */,
				2A59884C1F858CE4008138F2 /* UIImage+scaling.swift */,
				2A9DB9201F8701070055ADD2 /* StyleTransfer.swift */,
				2AB93AE51F8D5B5B00BD56C2 /* VRViewController.swift */,
				F86F1AB11F9FF7C6009FA646 /* VideoFormatHandler.swift */,
			);
			path = ImStyle;
			sourceTree = "<group>";
		};
		F8A4015A1F8435E8006EB964 /* ImStyleTests */ = {
			isa = PBXGroup;
			children = (
				F8A4015B1F8435E8006EB964 /* ImStyleTests.swift */,
				F8A4015D1F8435E8006EB964 /* Info.plist */,
			);
			path = ImStyleTests;
			sourceTree = "<group>";
		};
		F8A401651F8435E8006EB964 /* ImStyleUITests */ = {
			isa = PBXGroup;
			children = (
				F8A401661F8435E8006EB964 /* ImStyleUITests.swift */,
				F8A401681F8435E8006EB964 /* Info.plist */,
			);
			path = ImStyleUITests;
			sourceTree = "<group>";
		};
/* End PBXGroup section */

/* Begin PBXNativeTarget section */
		F8A401421F8435E8006EB964 /* ImStyle */ = {
			isa = PBXNativeTarget;
			buildConfigurationList = F8A4016B1F8435E8006EB964 /* Build configuration list for PBXNativeTarget "ImStyle" */;
			buildPhases = (
				7B633E18CDBDB892FAED505F /* [CP] Check Pods Manifest.lock */,
				F8A4013F1F8435E8006EB964 /* Sources */,
				F8A401401F8435E8006EB964 /* Frameworks */,
				F8A401411F8435E8006EB964 /* Resources */,
				85FB2BD4B4B664BA7AC453E1 /* [CP] Embed Pods Frameworks */,
			);
			buildRules = (
			);
			dependencies = (
			);
			name = ImStyle;
			productName = ImStyle;
			productReference = F8A401431F8435E8006EB964 /* ImStyle.app */;
			productType = "com.apple.product-type.application";
		};
		F8A401561F8435E8006EB964 /* ImStyleTests */ = {
			isa = PBXNativeTarget;
			buildConfigurationList = F8A4016E1F8435E8006EB964 /* Build configuration list for PBXNativeTarget "ImStyleTests" */;
			buildPhases = (
				8DAAD36B0C2A8598EBD05806 /* [CP] Check Pods Manifest.lock */,
				F8A401531F8435E8006EB964 /* Sources */,
				F8A401541F8435E8006EB964 /* Frameworks */,
				F8A401551F8435E8006EB964 /* Resources */,
			);
			buildRules = (
			);
			dependencies = (
				F8A401591F8435E8006EB964 /* PBXTargetDependency */,
			);
			name = ImStyleTests;
			productName = ImStyleTests;
			productReference = F8A401571F8435E8006EB964 /* ImStyleTests.xctest */;
			productType = "com.apple.product-type.bundle.unit-test";
		};
		F8A401611F8435E8006EB964 /* ImStyleUITests */ = {
			isa = PBXNativeTarget;
			buildConfigurationList = F8A401711F8435E8006EB964 /* Build configuration list for PBXNativeTarget "ImStyleUITests" */;
			buildPhases = (
				CCF79DE5145C69A9181AA3BA /* [CP] Check Pods Manifest.lock */,
				F8A4015E1F8435E8006EB964 /* Sources */,
				F8A4015F1F8435E8006EB964 /* Frameworks */,
				F8A401601F8435E8006EB964 /* Resources */,
			);
			buildRules = (
			);
			dependencies = (
				F8A401641F8435E8006EB964 /* PBXTargetDependency */,
			);
			name = ImStyleUITests;
			productName = ImStyleUITests;
			productReference = F8A401621F8435E8006EB964 /* ImStyleUITests.xctest */;
			productType = "com.apple.product-type.bundle.ui-testing";
		};
/* End PBXNativeTarget section */

/* Begin PBXProject section */
		F8A4013B1F8435E8006EB964 /* Project object */ = {
			isa = PBXProject;
			attributes = {
				LastSwiftUpdateCheck = 0900;
				LastUpgradeCheck = 0900;
				ORGANIZATIONNAME = ImageStyle;
				TargetAttributes = {
					F8A401421F8435E8006EB964 = {
						CreatedOnToolsVersion = 9.0;
						ProvisioningStyle = Automatic;
					};
					F8A401561F8435E8006EB964 = {
						CreatedOnToolsVersion = 9.0;
						ProvisioningStyle = Automatic;
						TestTargetID = F8A401421F8435E8006EB964;
					};
					F8A401611F8435E8006EB964 = {
						CreatedOnToolsVersion = 9.0;
						ProvisioningStyle = Automatic;
						TestTargetID = F8A401421F8435E8006EB964;
					};
				};
			};
			buildConfigurationList = F8A4013E1F8435E8006EB964 /* Build configuration list for PBXProject "ImStyle" */;
			compatibilityVersion = "Xcode 8.0";
			developmentRegion = en;
			hasScannedForEncodings = 0;
			knownRegions = (
				en,
				Base,
			);
			mainGroup = F8A4013A1F8435E8006EB964;
			productRefGroup = F8A401441F8435E8006EB964 /* Products */;
			projectDirPath = "";
			projectRoot = "";
			targets = (
				F8A401421F8435E8006EB964 /* ImStyle */,
				F8A401561F8435E8006EB964 /* ImStyleTests */,
				F8A401611F8435E8006EB964 /* ImStyleUITests */,
			);
		};
/* End PBXProject section */

/* Begin PBXResourcesBuildPhase section */
		F8A401411F8435E8006EB964 /* Resources */ = {
			isa = PBXResourcesBuildPhase;
			buildActionMask = 2147483647;
			files = (
				F8A401511F8435E8006EB964 /* LaunchScreen.storyboard in Resources */,
				F8A4014E1F8435E8006EB964 /* Assets.xcassets in Resources */,
				F8A4014C1F8435E8006EB964 /* Main.storyboard in Resources */,
			);
			runOnlyForDeploymentPostprocessing = 0;
		};
		F8A401551F8435E8006EB964 /* Resources */ = {
			isa = PBXResourcesBuildPhase;
			buildActionMask = 2147483647;
			files = (
			);
			runOnlyForDeploymentPostprocessing = 0;
		};
		F8A401601F8435E8006EB964 /* Resources */ = {
			isa = PBXResourcesBuildPhase;
			buildActionMask = 2147483647;
			files = (
			);
			runOnlyForDeploymentPostprocessing = 0;
		};
/* End PBXResourcesBuildPhase section */

/* Begin PBXShellScriptBuildPhase section */
		7B633E18CDBDB892FAED505F /* [CP] Check Pods Manifest.lock */ = {
			isa = PBXShellScriptBuildPhase;
			buildActionMask = 2147483647;
			files = (
			);
			inputPaths = (
				"${PODS_PODFILE_DIR_PATH}/Podfile.lock",
				"${PODS_ROOT}/Manifest.lock",
			);
			name = "[CP] Check Pods Manifest.lock";
			outputPaths = (
				"$(DERIVED_FILE_DIR)/Pods-ImStyle-checkManifestLockResult.txt",
			);
			runOnlyForDeploymentPostprocessing = 0;
			shellPath = /bin/sh;
			shellScript = "diff \"${PODS_PODFILE_DIR_PATH}/Podfile.lock\" \"${PODS_ROOT}/Manifest.lock\" > /dev/null\nif [ $? != 0 ] ; then\n    # print error to STDERR\n    echo \"error: The sandbox is not in sync with the Podfile.lock. Run 'pod install' or update your CocoaPods installation.\" >&2\n    exit 1\nfi\n# This output is used by Xcode 'outputs' to avoid re-running this script phase.\necho \"SUCCESS\" > \"${SCRIPT_OUTPUT_FILE_0}\"\n";
			showEnvVarsInLog = 0;
		};
		85FB2BD4B4B664BA7AC453E1 /* [CP] Embed Pods Frameworks */ = {
			isa = PBXShellScriptBuildPhase;
			buildActionMask = 2147483647;
			files = (
			);
			inputPaths = (
				"${SRCROOT}/Pods/Target Support Files/Pods-ImStyle/Pods-ImStyle-frameworks.sh",
				"${PODS_ROOT}/Fritz/Framework/Fritz.framework",
			);
			name = "[CP] Embed Pods Frameworks";
			outputPaths = (
				"${TARGET_BUILD_DIR}/${FRAMEWORKS_FOLDER_PATH}/Fritz.framework",
			);
			runOnlyForDeploymentPostprocessing = 0;
			shellPath = /bin/sh;
			shellScript = "\"${SRCROOT}/Pods/Target Support Files/Pods-ImStyle/Pods-ImStyle-frameworks.sh\"\n";
			showEnvVarsInLog = 0;
		};
		8DAAD36B0C2A8598EBD05806 /* [CP] Check Pods Manifest.lock */ = {
			isa = PBXShellScriptBuildPhase;
			buildActionMask = 2147483647;
			files = (
			);
			inputPaths = (
				"${PODS_PODFILE_DIR_PATH}/Podfile.lock",
				"${PODS_ROOT}/Manifest.lock",
			);
			name = "[CP] Check Pods Manifest.lock";
			outputPaths = (
				"$(DERIVED_FILE_DIR)/Pods-ImStyleTests-checkManifestLockResult.txt",
			);
			runOnlyForDeploymentPostprocessing = 0;
			shellPath = /bin/sh;
			shellScript = "diff \"${PODS_PODFILE_DIR_PATH}/Podfile.lock\" \"${PODS_ROOT}/Manifest.lock\" > /dev/null\nif [ $? != 0 ] ; then\n    # print error to STDERR\n    echo \"error: The sandbox is not in sync with the Podfile.lock. Run 'pod install' or update your CocoaPods installation.\" >&2\n    exit 1\nfi\n# This output is used by Xcode 'outputs' to avoid re-running this script phase.\necho \"SUCCESS\" > \"${SCRIPT_OUTPUT_FILE_0}\"\n";
			showEnvVarsInLog = 0;
		};
		CCF79DE5145C69A9181AA3BA /* [CP] Check Pods Manifest.lock */ = {
			isa = PBXShellScriptBuildPhase;
			buildActionMask = 2147483647;
			files = (
			);
			inputPaths = (
				"${PODS_PODFILE_DIR_PATH}/Podfile.lock",
				"${PODS_ROOT}/Manifest.lock",
			);
			name = "[CP] Check Pods Manifest.lock";
			outputPaths = (
				"$(DERIVED_FILE_DIR)/Pods-ImStyleUITests-checkManifestLockResult.txt",
			);
			runOnlyForDeploymentPostprocessing = 0;
			shellPath = /bin/sh;
			shellScript = "diff \"${PODS_PODFILE_DIR_PATH}/Podfile.lock\" \"${PODS_ROOT}/Manifest.lock\" > /dev/null\nif [ $? != 0 ] ; then\n    # print error to STDERR\n    echo \"error: The sandbox is not in sync with the Podfile.lock. Run 'pod install' or update your CocoaPods installation.\" >&2\n    exit 1\nfi\n# This output is used by Xcode 'outputs' to avoid re-running this script phase.\necho \"SUCCESS\" > \"${SCRIPT_OUTPUT_FILE_0}\"\n";
			showEnvVarsInLog = 0;
		};
/* End PBXShellScriptBuildPhase section */

/* Begin PBXSourcesBuildPhase section */
		F8A4013F1F8435E8006EB964 /* Sources */ = {
			isa = PBXSourcesBuildPhase;
			buildActionMask = 2147483647;
			files = (
				F83C391F1F87276700D21F2E /* udnie_style.mlmodel in Sources */,
				2A9DB9211F8701070055ADD2 /* StyleTransfer.swift in Sources */,
				5F69E925202A29410085FE47 /* wave_style+Fritz.swift in Sources */,
				2A59884D1F858CE4008138F2 /* UIImage+scaling.swift in Sources */,
				2AD54C441FA242C80072743F /* wave_style.mlmodel in Sources */,
				2AB93AE61F8D5B5B00BD56C2 /* VRViewController.swift in Sources */,
				F8A401471F8435E8006EB964 /* AppDelegate.swift in Sources */,
				5F69E927202A29520085FE47 /* mosaic_style+Fritz.swift in Sources */,
				2AB20B461F870CEA001EA50B /* Util.swift in Sources */,
				5F69E923202A29300085FE47 /* udnie_style+Fritz.swift in Sources */,
				F89189051F86EC270054136C /* MainViewController.swift in Sources */,
				2A59884B1F8585E1008138F2 /* mosaic_style.mlmodel in Sources */,
				F86F1AB21F9FF7C6009FA646 /* VideoFormatHandler.swift in Sources */,
			);
			runOnlyForDeploymentPostprocessing = 0;
		};
		F8A401531F8435E8006EB964 /* Sources */ = {
			isa = PBXSourcesBuildPhase;
			buildActionMask = 2147483647;
			files = (
				F8A4015C1F8435E8006EB964 /* ImStyleTests.swift in Sources */,
			);
			runOnlyForDeploymentPostprocessing = 0;
		};
		F8A4015E1F8435E8006EB964 /* Sources */ = {
			isa = PBXSourcesBuildPhase;
			buildActionMask = 2147483647;
			files = (
				F8A401671F8435E8006EB964 /* ImStyleUITests.swift in Sources */,
			);
			runOnlyForDeploymentPostprocessing = 0;
		};
/* End PBXSourcesBuildPhase section */

/* Begin PBXTargetDependency section */
		F8A401591F8435E8006EB964 /* PBXTargetDependency */ = {
			isa = PBXTargetDependency;
			target = F8A401421F8435E8006EB964 /* ImStyle */;
			targetProxy = F8A401581F8435E8006EB964 /* PBXContainerItemProxy */;
		};
		F8A401641F8435E8006EB964 /* PBXTargetDependency */ = {
			isa = PBXTargetDependency;
			target = F8A401421F8435E8006EB964 /* ImStyle */;
			targetProxy = F8A401631F8435E8006EB964 /* PBXContainerItemProxy */;
		};
/* End PBXTargetDependency section */

/* Begin PBXVariantGroup section */
		F8A4014A1F8435E8006EB964 /* Main.storyboard */ = {
			isa = PBXVariantGroup;
			children = (
				F8A4014B1F8435E8006EB964 /* Base */,
			);
			name = Main.storyboard;
			sourceTree = "<group>";
		};
		F8A4014F1F8435E8006EB964 /* LaunchScreen.storyboard */ = {
			isa = PBXVariantGroup;
			children = (
				F8A401501F8435E8006EB964 /* Base */,
			);
			name = LaunchScreen.storyboard;
			sourceTree = "<group>";
		};
/* End PBXVariantGroup section */

/* Begin XCBuildConfiguration section */
		F8A401691F8435E8006EB964 /* Debug */ = {
			isa = XCBuildConfiguration;
			buildSettings = {
				ALWAYS_SEARCH_USER_PATHS = NO;
				CLANG_ANALYZER_NONNULL = YES;
				CLANG_ANALYZER_NUMBER_OBJECT_CONVERSION = YES_AGGRESSIVE;
				CLANG_CXX_LANGUAGE_STANDARD = "gnu++14";
				CLANG_CXX_LIBRARY = "libc++";
				CLANG_ENABLE_MODULES = YES;
				CLANG_ENABLE_OBJC_ARC = YES;
				CLANG_WARN_BLOCK_CAPTURE_AUTORELEASING = YES;
				CLANG_WARN_BOOL_CONVERSION = YES;
				CLANG_WARN_COMMA = YES;
				CLANG_WARN_CONSTANT_CONVERSION = YES;
				CLANG_WARN_DIRECT_OBJC_ISA_USAGE = YES_ERROR;
				CLANG_WARN_DOCUMENTATION_COMMENTS = YES;
				CLANG_WARN_EMPTY_BODY = YES;
				CLANG_WARN_ENUM_CONVERSION = YES;
				CLANG_WARN_INFINITE_RECURSION = YES;
				CLANG_WARN_INT_CONVERSION = YES;
				CLANG_WARN_NON_LITERAL_NULL_CONVERSION = YES;
				CLANG_WARN_OBJC_LITERAL_CONVERSION = YES;
				CLANG_WARN_OBJC_ROOT_CLASS = YES_ERROR;
				CLANG_WARN_RANGE_LOOP_ANALYSIS = YES;
				CLANG_WARN_STRICT_PROTOTYPES = YES;
				CLANG_WARN_SUSPICIOUS_MOVE = YES;
				CLANG_WARN_UNGUARDED_AVAILABILITY = YES_AGGRESSIVE;
				CLANG_WARN_UNREACHABLE_CODE = YES;
				CLANG_WARN__DUPLICATE_METHOD_MATCH = YES;
				CODE_SIGN_IDENTITY = "iPhone Developer";
				COPY_PHASE_STRIP = NO;
				DEBUG_INFORMATION_FORMAT = dwarf;
				ENABLE_STRICT_OBJC_MSGSEND = YES;
				ENABLE_TESTABILITY = YES;
				GCC_C_LANGUAGE_STANDARD = gnu11;
				GCC_DYNAMIC_NO_PIC = NO;
				GCC_NO_COMMON_BLOCKS = YES;
				GCC_OPTIMIZATION_LEVEL = 0;
				GCC_PREPROCESSOR_DEFINITIONS = (
					"DEBUG=1",
					"$(inherited)",
				);
				GCC_WARN_64_TO_32_BIT_CONVERSION = YES;
				GCC_WARN_ABOUT_RETURN_TYPE = YES_ERROR;
				GCC_WARN_UNDECLARED_SELECTOR = YES;
				GCC_WARN_UNINITIALIZED_AUTOS = YES_AGGRESSIVE;
				GCC_WARN_UNUSED_FUNCTION = YES;
				GCC_WARN_UNUSED_VARIABLE = YES;
				IPHONEOS_DEPLOYMENT_TARGET = 11.0;
				MTL_ENABLE_DEBUG_INFO = YES;
				ONLY_ACTIVE_ARCH = YES;
				SDKROOT = iphoneos;
				SWIFT_ACTIVE_COMPILATION_CONDITIONS = DEBUG;
				SWIFT_OPTIMIZATION_LEVEL = "-Onone";
			};
			name = Debug;
		};
		F8A4016A1F8435E8006EB964 /* Release */ = {
			isa = XCBuildConfiguration;
			buildSettings = {
				ALWAYS_SEARCH_USER_PATHS = NO;
				CLANG_ANALYZER_NONNULL = YES;
				CLANG_ANALYZER_NUMBER_OBJECT_CONVERSION = YES_AGGRESSIVE;
				CLANG_CXX_LANGUAGE_STANDARD = "gnu++14";
				CLANG_CXX_LIBRARY = "libc++";
				CLANG_ENABLE_MODULES = YES;
				CLANG_ENABLE_OBJC_ARC = YES;
				CLANG_WARN_BLOCK_CAPTURE_AUTORELEASING = YES;
				CLANG_WARN_BOOL_CONVERSION = YES;
				CLANG_WARN_COMMA = YES;
				CLANG_WARN_CONSTANT_CONVERSION = YES;
				CLANG_WARN_DIRECT_OBJC_ISA_USAGE = YES_ERROR;
				CLANG_WARN_DOCUMENTATION_COMMENTS = YES;
				CLANG_WARN_EMPTY_BODY = YES;
				CLANG_WARN_ENUM_CONVERSION = YES;
				CLANG_WARN_INFINITE_RECURSION = YES;
				CLANG_WARN_INT_CONVERSION = YES;
				CLANG_WARN_NON_LITERAL_NULL_CONVERSION = YES;
				CLANG_WARN_OBJC_LITERAL_CONVERSION = YES;
				CLANG_WARN_OBJC_ROOT_CLASS = YES_ERROR;
				CLANG_WARN_RANGE_LOOP_ANALYSIS = YES;
				CLANG_WARN_STRICT_PROTOTYPES = YES;
				CLANG_WARN_SUSPICIOUS_MOVE = YES;
				CLANG_WARN_UNGUARDED_AVAILABILITY = YES_AGGRESSIVE;
				CLANG_WARN_UNREACHABLE_CODE = YES;
				CLANG_WARN__DUPLICATE_METHOD_MATCH = YES;
				CODE_SIGN_IDENTITY = "iPhone Developer";
				COPY_PHASE_STRIP = NO;
				DEBUG_INFORMATION_FORMAT = "dwarf-with-dsym";
				ENABLE_NS_ASSERTIONS = NO;
				ENABLE_STRICT_OBJC_MSGSEND = YES;
				GCC_C_LANGUAGE_STANDARD = gnu11;
				GCC_NO_COMMON_BLOCKS = YES;
				GCC_WARN_64_TO_32_BIT_CONVERSION = YES;
				GCC_WARN_ABOUT_RETURN_TYPE = YES_ERROR;
				GCC_WARN_UNDECLARED_SELECTOR = YES;
				GCC_WARN_UNINITIALIZED_AUTOS = YES_AGGRESSIVE;
				GCC_WARN_UNUSED_FUNCTION = YES;
				GCC_WARN_UNUSED_VARIABLE = YES;
				IPHONEOS_DEPLOYMENT_TARGET = 11.0;
				MTL_ENABLE_DEBUG_INFO = NO;
				SDKROOT = iphoneos;
				SWIFT_OPTIMIZATION_LEVEL = "-Owholemodule";
				VALIDATE_PRODUCT = YES;
			};
			name = Release;
		};
		F8A4016C1F8435E8006EB964 /* Debug */ = {
			isa = XCBuildConfiguration;
			baseConfigurationReference = 579CDB472C125B1CB957F65E /* Pods-ImStyle.debug.xcconfig */;
			buildSettings = {
				ASSETCATALOG_COMPILER_APPICON_NAME = AppIcon;
				CODE_SIGN_STYLE = Automatic;
				DEVELOPMENT_TEAM = T3RGJF7P9D;
				ENABLE_BITCODE = YES;
				INFOPLIST_FILE = ImStyle/Info.plist;
				LD_RUNPATH_SEARCH_PATHS = "$(inherited) @executable_path/Frameworks";
				PRODUCT_BUNDLE_IDENTIFIER = ImageStyle.ImStylE;
				PRODUCT_NAME = "$(TARGET_NAME)";
				SWIFT_OBJC_BRIDGING_HEADER = "";
				SWIFT_VERSION = 4.0;
				TARGETED_DEVICE_FAMILY = "1,2";
			};
			name = Debug;
		};
		F8A4016D1F8435E8006EB964 /* Release */ = {
			isa = XCBuildConfiguration;
			baseConfigurationReference = E649CE71116E4E1B40208871 /* Pods-ImStyle.release.xcconfig */;
			buildSettings = {
				ASSETCATALOG_COMPILER_APPICON_NAME = AppIcon;
				CODE_SIGN_STYLE = Automatic;
				DEVELOPMENT_TEAM = T3RGJF7P9D;
				ENABLE_BITCODE = YES;
				INFOPLIST_FILE = ImStyle/Info.plist;
				LD_RUNPATH_SEARCH_PATHS = "$(inherited) @executable_path/Frameworks";
				PRODUCT_BUNDLE_IDENTIFIER = ImageStyle.ImStylE;
				PRODUCT_NAME = "$(TARGET_NAME)";
				SWIFT_OBJC_BRIDGING_HEADER = "";
				SWIFT_VERSION = 4.0;
				TARGETED_DEVICE_FAMILY = "1,2";
			};
			name = Release;
		};
		F8A4016F1F8435E8006EB964 /* Debug */ = {
			isa = XCBuildConfiguration;
			baseConfigurationReference = 120E9BD3F531F82F03AB6488 /* Pods-ImStyleTests.debug.xcconfig */;
			buildSettings = {
				ALWAYS_EMBED_SWIFT_STANDARD_LIBRARIES = YES;
				BUNDLE_LOADER = "$(TEST_HOST)";
				CODE_SIGN_STYLE = Automatic;
				INFOPLIST_FILE = ImStyleTests/Info.plist;
				LD_RUNPATH_SEARCH_PATHS = "$(inherited) @executable_path/Frameworks @loader_path/Frameworks";
				PRODUCT_BUNDLE_IDENTIFIER = ImageStyle.ImStyleTests;
				PRODUCT_NAME = "$(TARGET_NAME)";
				SWIFT_VERSION = 4.0;
				TARGETED_DEVICE_FAMILY = "1,2";
				TEST_HOST = "$(BUILT_PRODUCTS_DIR)/ImStyle.app/ImStyle";
			};
			name = Debug;
		};
		F8A401701F8435E8006EB964 /* Release */ = {
			isa = XCBuildConfiguration;
			baseConfigurationReference = 2524644C489A57BE5B022D05 /* Pods-ImStyleTests.release.xcconfig */;
			buildSettings = {
				ALWAYS_EMBED_SWIFT_STANDARD_LIBRARIES = YES;
				BUNDLE_LOADER = "$(TEST_HOST)";
				CODE_SIGN_STYLE = Automatic;
				INFOPLIST_FILE = ImStyleTests/Info.plist;
				LD_RUNPATH_SEARCH_PATHS = "$(inherited) @executable_path/Frameworks @loader_path/Frameworks";
				PRODUCT_BUNDLE_IDENTIFIER = ImageStyle.ImStyleTests;
				PRODUCT_NAME = "$(TARGET_NAME)";
				SWIFT_VERSION = 4.0;
				TARGETED_DEVICE_FAMILY = "1,2";
				TEST_HOST = "$(BUILT_PRODUCTS_DIR)/ImStyle.app/ImStyle";
			};
			name = Release;
		};
		F8A401721F8435E8006EB964 /* Debug */ = {
			isa = XCBuildConfiguration;
			baseConfigurationReference = 224AF476247DF3ABB4DDB5FC /* Pods-ImStyleUITests.debug.xcconfig */;
			buildSettings = {
				ALWAYS_EMBED_SWIFT_STANDARD_LIBRARIES = YES;
				CODE_SIGN_STYLE = Automatic;
				INFOPLIST_FILE = ImStyleUITests/Info.plist;
				LD_RUNPATH_SEARCH_PATHS = "$(inherited) @executable_path/Frameworks @loader_path/Frameworks";
				PRODUCT_BUNDLE_IDENTIFIER = ImageStyle.ImStyleUITests;
				PRODUCT_NAME = "$(TARGET_NAME)";
				SWIFT_VERSION = 4.0;
				TARGETED_DEVICE_FAMILY = "1,2";
				TEST_TARGET_NAME = ImStyle;
			};
			name = Debug;
		};
		F8A401731F8435E8006EB964 /* Release */ = {
			isa = XCBuildConfiguration;
			baseConfigurationReference = 3EBB3B9548C19452B9918E7E /* Pods-ImStyleUITests.release.xcconfig */;
			buildSettings = {
				ALWAYS_EMBED_SWIFT_STANDARD_LIBRARIES = YES;
				CODE_SIGN_STYLE = Automatic;
				INFOPLIST_FILE = ImStyleUITests/Info.plist;
				LD_RUNPATH_SEARCH_PATHS = "$(inherited) @executable_path/Frameworks @loader_path/Frameworks";
				PRODUCT_BUNDLE_IDENTIFIER = ImageStyle.ImStyleUITests;
				PRODUCT_NAME = "$(TARGET_NAME)";
				SWIFT_VERSION = 4.0;
				TARGETED_DEVICE_FAMILY = "1,2";
				TEST_TARGET_NAME = ImStyle;
			};
			name = Release;
		};
/* End XCBuildConfiguration section */

/* Begin XCConfigurationList section */
		F8A4013E1F8435E8006EB964 /* Build configuration list for PBXProject "ImStyle" */ = {
			isa = XCConfigurationList;
			buildConfigurations = (
				F8A401691F8435E8006EB964 /* Debug */,
				F8A4016A1F8435E8006EB964 /* Release */,
			);
			defaultConfigurationIsVisible = 0;
			defaultConfigurationName = Release;
		};
		F8A4016B1F8435E8006EB964 /* Build configuration list for PBXNativeTarget "ImStyle" */ = {
			isa = XCConfigurationList;
			buildConfigurations = (
				F8A4016C1F8435E8006EB964 /* Debug */,
				F8A4016D1F8435E8006EB964 /* Release */,
			);
			defaultConfigurationIsVisible = 0;
			defaultConfigurationName = Release;
		};
		F8A4016E1F8435E8006EB964 /* Build configuration list for PBXNativeTarget "ImStyleTests" */ = {
			isa = XCConfigurationList;
			buildConfigurations = (
				F8A4016F1F8435E8006EB964 /* Debug */,
				F8A401701F8435E8006EB964 /* Release */,
			);
			defaultConfigurationIsVisible = 0;
			defaultConfigurationName = Release;
		};
		F8A401711F8435E8006EB964 /* Build configuration list for PBXNativeTarget "ImStyleUITests" */ = {
			isa = XCConfigurationList;
			buildConfigurations = (
				F8A401721F8435E8006EB964 /* Debug */,
				F8A401731F8435E8006EB964 /* Release */,
			);
			defaultConfigurationIsVisible = 0;
			defaultConfigurationName = Release;
		};
/* End XCConfigurationList section */
	};
	rootObject = F8A4013B1F8435E8006EB964 /* Project object */;
}
